{
  "requires": true,
  "lockfileVersion": 1,
  "dependencies": {
    "@vant/weapp": {
      "version": "1.6.7",
      "resolved": "https://registry.npm.taobao.org/@vant/weapp/download/@vant/weapp-1.6.7.tgz",
      "integrity": "sha1-OggtJFm3eTIJdjwgWbQvy11au48="
    },
    "miniprogram-api-promise": {
      "version": "1.0.4",
      "resolved": "https://registry.npm.taobao.org/miniprogram-api-promise/download/miniprogram-api-promise-1.0.4.tgz"
    },
    "wx-nav": {
      "version": "0.0.3",
      "resolved": "https://registry.npm.taobao.org/wx-nav/download/wx-nav-0.0.3.tgz"
    }
  }
}
